
Microsoft Visual Studio Solution File, Format Version 12.00
# Visual Studio Version 17
VisualStudioVersion = 17.2.32519.379
MinimumVisualStudioVersion = 10.0.40219.1
Project("{FAE04EC0-301F-11D3-BF4B-00C04F79EFBC}") = "BibliotheekBeheerModule", "BibliotheekBeheerModule\BibliotheekBeheerModule.csproj", "{6F6D06EE-1358-4B3E-BB94-54683D9B340A}"
EndProject
Global
	GlobalSection(SolutionConfigurationPlatforms) = preSolution
		Debug|Any CPU = Debug|Any CPU
		Release|Any CPU = Release|Any CPU
	EndGlobalSection
	GlobalSection(ProjectConfigurationPlatforms) = postSolution
		{6F6D06EE-1358-4B3E-BB94-54683D9B340A}.Debug|Any CPU.ActiveCfg = Debug|Any CPU
		{6F6D06EE-1358-4B3E-BB94-54683D9B340A}.Debug|Any CPU.Build.0 = Debug|Any CPU
		{6F6D06EE-1358-4B3E-BB94-54683D9B340A}.Release|Any CPU.ActiveCfg = Release|Any CPU
		{6F6D06EE-1358-4B3E-BB94-54683D9B340A}.Release|Any CPU.Build.0 = Release|Any CPU
	EndGlobalSection
	GlobalSection(SolutionProperties) = preSolution
		HideSolutionNode = FALSE
	EndGlobalSection
	GlobalSection(ExtensibilityGlobals) = postSolution
		SolutionGuid = {FB40B561-8A68-4D2E-8289-CC38BAEF5A88}
	EndGlobalSection
EndGlobal
